// !$*UTF8*$!
{
	archiveVersion = 1;
	classes = {
	};
	objectVersion = 56;
	objects = {

/* Begin PBXBuildFile section */
		207F0246291177ED00D39A4C /* WidgetPlaygroundApp.swift in Sources */ = {isa = PBXBuildFile; fileRef = 207F0245291177ED00D39A4C /* WidgetPlaygroundApp.swift */; };
		207F0248291177ED00D39A4C /* ContentView.swift in Sources */ = {isa = PBXBuildFile; fileRef = 207F0247291177ED00D39A4C /* ContentView.swift */; };
		207F024A291177EE00D39A4C /* Assets.xcassets in Resources */ = {isa = PBXBuildFile; fileRef = 207F0249291177EE00D39A4C /* Assets.xcassets */; };
		207F024D291177EE00D39A4C /* Preview Assets.xcassets in Resources */ = {isa = PBXBuildFile; fileRef = 207F024C291177EE00D39A4C /* Preview Assets.xcassets */; };
		207F025A2911782000D39A4C /* WidgetKit.framework in Frameworks */ = {isa = PBXBuildFile; fileRef = 207F02592911782000D39A4C /* WidgetKit.framework */; };
		207F025C2911782100D39A4C /* SwiftUI.framework in Frameworks */ = {isa = PBXBuildFile; fileRef = 207F025B2911782100D39A4C /* SwiftUI.framework */; };
		207F025F2911782100D39A4C /* Qurankz.swift in Sources */ = {isa = PBXBuildFile; fileRef = 207F025E2911782100D39A4C /* Qurankz.swift */; };
		207F02622911782300D39A4C /* Assets.xcassets in Resources */ = {isa = PBXBuildFile; fileRef = 207F02612911782300D39A4C /* Assets.xcassets */; };
		207F02642911782300D39A4C /* Qurankz.intentdefinition in Sources */ = {isa = PBXBuildFile; fileRef = 207F02602911782100D39A4C /* Qurankz.intentdefinition */; };
		207F02652911782300D39A4C /* Qurankz.intentdefinition in Sources */ = {isa = PBXBuildFile; fileRef = 207F02602911782100D39A4C /* Qurankz.intentdefinition */; };
		207F02682911782300D39A4C /* QurankzExtension.appex in Embed Foundation Extensions */ = {isa = PBXBuildFile; fileRef = 207F02572911782000D39A4C /* QurankzExtension.appex */; settings = {ATTRIBUTES = (RemoveHeadersOnCopy, ); }; };
		20B5383E29157BBA00B70D90 /* Adhan in Frameworks */ = {isa = PBXBuildFile; productRef = 20B5383D29157BBA00B70D90 /* Adhan */; };
/* End PBXBuildFile section */

/* Begin PBXContainerItemProxy section */
		207F02662911782300D39A4C /* PBXContainerItemProxy */ = {
			isa = PBXContainerItemProxy;
			containerPortal = 207F023A291177ED00D39A4C /* Project object */;
			proxyType = 1;
			remoteGlobalIDString = 207F02562911782000D39A4C;
			remoteInfo = QurankzExtension;
		};
/* End PBXContainerItemProxy section */

/* Begin PBXCopyFilesBuildPhase section */
		207F026C2911782300D39A4C /* Embed Foundation Extensions */ = {
			isa = PBXCopyFilesBuildPhase;
			buildActionMask = 2147483647;
			dstPath = "";
			dstSubfolderSpec = 13;
			files = (
				207F02682911782300D39A4C /* QurankzExtension.appex in Embed Foundation Extensions */,
			);
			name = "Embed Foundation Extensions";
			runOnlyForDeploymentPostprocessing = 0;
		};
/* End PBXCopyFilesBuildPhase section */

/* Begin PBXFileReference section */
		207F0242291177ED00D39A4C /* WidgetPlayground.app */ = {isa = PBXFileReference; explicitFileType = wrapper.application; includeInIndex = 0; path = WidgetPlayground.app; sourceTree = BUILT_PRODUCTS_DIR; };
		207F0245291177ED00D39A4C /* WidgetPlaygroundApp.swift */ = {isa = PBXFileReference; lastKnownFileType = sourcecode.swift; path = WidgetPlaygroundApp.swift; sourceTree = "<group>"; };
		207F0247291177ED00D39A4C /* ContentView.swift */ = {isa = PBXFileReference; lastKnownFileType = sourcecode.swift; path = ContentView.swift; sourceTree = "<group>"; };
		207F0249291177EE00D39A4C /* Assets.xcassets */ = {isa = PBXFileReference; lastKnownFileType = folder.assetcatalog; path = Assets.xcassets; sourceTree = "<group>"; };
		207F024C291177EE00D39A4C /* Preview Assets.xcassets */ = {isa = PBXFileReference; lastKnownFileType = folder.assetcatalog; path = "Preview Assets.xcassets"; sourceTree = "<group>"; };
		207F02572911782000D39A4C /* QurankzExtension.appex */ = {isa = PBXFileReference; explicitFileType = "wrapper.app-extension"; includeInIndex = 0; path = QurankzExtension.appex; sourceTree = BUILT_PRODUCTS_DIR; };
		207F02592911782000D39A4C /* WidgetKit.framework */ = {isa = PBXFileReference; lastKnownFileType = wrapper.framework; name = WidgetKit.framework; path = System/Library/Frameworks/WidgetKit.framework; sourceTree = SDKROOT; };
		207F025B2911782100D39A4C /* SwiftUI.framework */ = {isa = PBXFileReference; lastKnownFileType = wrapper.framework; name = SwiftUI.framework; path = System/Library/Frameworks/SwiftUI.framework; sourceTree = SDKROOT; };
		207F025E2911782100D39A4C /* Qurankz.swift */ = {isa = PBXFileReference; lastKnownFileType = sourcecode.swift; path = Qurankz.swift; sourceTree = "<group>"; };
		207F02602911782100D39A4C /* Qurankz.intentdefinition */ = {isa = PBXFileReference; lastKnownFileType = file.intentdefinition; path = Qurankz.intentdefinition; sourceTree = "<group>"; };
		207F02612911782300D39A4C /* Assets.xcassets */ = {isa = PBXFileReference; lastKnownFileType = folder.assetcatalog; path = Assets.xcassets; sourceTree = "<group>"; };
		207F02632911782300D39A4C /* Info.plist */ = {isa = PBXFileReference; lastKnownFileType = text.plist.xml; path = Info.plist; sourceTree = "<group>"; };
/* End PBXFileReference section */

/* Begin PBXFrameworksBuildPhase section */
		207F023F291177ED00D39A4C /* Frameworks */ = {
			isa = PBXFrameworksBuildPhase;
			buildActionMask = 2147483647;
			files = (
				20B5383E29157BBA00B70D90 /* Adhan in Frameworks */,
			);
			runOnlyForDeploymentPostprocessing = 0;
		};
		207F02542911782000D39A4C /* Frameworks */ = {
			isa = PBXFrameworksBuildPhase;
			buildActionMask = 2147483647;
			files = (
				207F025C2911782100D39A4C /* SwiftUI.framework in Frameworks */,
				207F025A2911782000D39A4C /* WidgetKit.framework in Frameworks */,
			);
			runOnlyForDeploymentPostprocessing = 0;
		};
/* End PBXFrameworksBuildPhase section */

/* Begin PBXGroup section */
		207F0239291177ED00D39A4C = {
			isa = PBXGroup;
			children = (
				207F0244291177ED00D39A4C /* WidgetPlayground */,
				207F025D2911782100D39A4C /* Qurankz */,
				207F02582911782000D39A4C /* Frameworks */,
				207F0243291177ED00D39A4C /* Products */,
			);
			sourceTree = "<group>";
		};
		207F0243291177ED00D39A4C /* Products */ = {
			isa = PBXGroup;
			children = (
				207F0242291177ED00D39A4C /* WidgetPlayground.app */,
				207F02572911782000D39A4C /* QurankzExtension.appex */,
			);
			name = Products;
			sourceTree = "<group>";
		};
		207F0244291177ED00D39A4C /* WidgetPlayground */ = {
			isa = PBXGroup;
			children = (
				207F0245291177ED00D39A4C /* WidgetPlaygroundApp.swift */,
				207F0247291177ED00D39A4C /* ContentView.swift */,
				207F0249291177EE00D39A4C /* Assets.xcassets */,
				207F024B291177EE00D39A4C /* Preview Content */,
			);
			path = WidgetPlayground;
			sourceTree = "<group>";
		};
		207F024B291177EE00D39A4C /* Preview Content */ = {
			isa = PBXGroup;
			children = (
				207F024C291177EE00D39A4C /* Preview Assets.xcassets */,
			);
			path = "Preview Content";
			sourceTree = "<group>";
		};
		207F02582911782000D39A4C /* Frameworks */ = {
			isa = PBXGroup;
			children = (
				207F02592911782000D39A4C /* WidgetKit.framework */,
				207F025B2911782100D39A4C /* SwiftUI.framework */,
			);
			name = Frameworks;
			sourceTree = "<group>";
		};
		207F025D2911782100D39A4C /* Qurankz */ = {
			isa = PBXGroup;
			children = (
				207F025E2911782100D39A4C /* Qurankz.swift */,
				207F02602911782100D39A4C /* Qurankz.intentdefinition */,
				207F02612911782300D39A4C /* Assets.xcassets */,
				207F02632911782300D39A4C /* Info.plist */,
			);
			path = Qurankz;
			sourceTree = "<group>";
		};
/* End PBXGroup section */

/* Begin PBXNativeTarget section */
		207F0241291177ED00D39A4C /* WidgetPlayground */ = {
			isa = PBXNativeTarget;
			buildConfigurationList = 207F0250291177EE00D39A4C /* Build configuration list for PBXNativeTarget "WidgetPlayground" */;
			buildPhases = (
				207F023E291177ED00D39A4C /* Sources */,
				207F023F291177ED00D39A4C /* Frameworks */,
				207F0240291177ED00D39A4C /* Resources */,
				207F026C2911782300D39A4C /* Embed Foundation Extensions */,
			);
			buildRules = (
			);
			dependencies = (
				207F02672911782300D39A4C /* PBXTargetDependency */,
			);
			name = WidgetPlayground;
			packageProductDependencies = (
				20B5383D29157BBA00B70D90 /* Adhan */,
			);
			productName = WidgetPlayground;
			productReference = 207F0242291177ED00D39A4C /* WidgetPlayground.app */;
			productType = "com.apple.product-type.application";
		};
		207F02562911782000D39A4C /* QurankzExtension */ = {
			isa = PBXNativeTarget;
			buildConfigurationList = 207F02692911782300D39A4C /* Build configuration list for PBXNativeTarget "QurankzExtension" */;
			buildPhases = (
				207F02532911782000D39A4C /* Sources */,
				207F02542911782000D39A4C /* Frameworks */,
				207F02552911782000D39A4C /* Resources */,
			);
			buildRules = (
			);
			dependencies = (
			);
			name = QurankzExtension;
			productName = QurankzExtension;
			productReference = 207F02572911782000D39A4C /* QurankzExtension.appex */;
			productType = "com.apple.product-type.app-extension";
		};
/* End PBXNativeTarget section */

/* Begin PBXProject section */
		207F023A291177ED00D39A4C /* Project object */ = {
			isa = PBXProject;
			attributes = {
				BuildIndependentTargetsInParallel = 1;
				LastSwiftUpdateCheck = 1400;
				LastUpgradeCheck = 1400;
				TargetAttributes = {
					207F0241291177ED00D39A4C = {
						CreatedOnToolsVersion = 14.0.1;
					};
					207F02562911782000D39A4C = {
						CreatedOnToolsVersion = 14.0.1;
					};
				};
			};
			buildConfigurationList = 207F023D291177ED00D39A4C /* Build configuration list for PBXProject "WidgetPlayground" */;
			compatibilityVersion = "Xcode 14.0";
			developmentRegion = en;
			hasScannedForEncodings = 0;
			knownRegions = (
				en,
				Base,
			);
			mainGroup = 207F0239291177ED00D39A4C;
			packageReferences = (
				20B5383C29157BBA00B70D90 /* XCRemoteSwiftPackageReference "adhan-swift" */,
			);
			productRefGroup = 207F0243291177ED00D39A4C /* Products */;
			projectDirPath = "";
			projectRoot = "";
			targets = (
				207F0241291177ED00D39A4C /* WidgetPlayground */,
				207F02562911782000D39A4C /* QurankzExtension */,
			);
		};
/* End PBXProject section */

/* Begin PBXResourcesBuildPhase section */
		207F0240291177ED00D39A4C /* Resources */ = {
			isa = PBXResourcesBuildPhase;
			buildActionMask = 2147483647;
			files = (
				207F024D291177EE00D39A4C /* Preview Assets.xcassets in Resources */,
				207F024A291177EE00D39A4C /* Assets.xcassets in Resources */,
			);
			runOnlyForDeploymentPostprocessing = 0;
		};
		207F02552911782000D39A4C /* Resources */ = {
			isa = PBXResourcesBuildPhase;
			buildActionMask = 2147483647;
			files = (
				207F02622911782300D39A4C /* Assets.xcassets in Resources */,
			);
			runOnlyForDeploymentPostprocessing = 0;
		};
/* End PBXResourcesBuildPhase section */

/* Begin PBXSourcesBuildPhase section */
		207F023E291177ED00D39A4C /* Sources */ = {
			isa = PBXSourcesBuildPhase;
			buildActionMask = 2147483647;
			files = (
				207F0248291177ED00D39A4C /* ContentView.swift in Sources */,
				207F02652911782300D39A4C /* Qurankz.intentdefinition in Sources */,
				207F0246291177ED00D39A4C /* WidgetPlaygroundApp.swift in Sources */,
			);
			runOnlyForDeploymentPostprocessing = 0;
		};
		207F02532911782000D39A4C /* Sources */ = {
			isa = PBXSourcesBuildPhase;
			buildActionMask = 2147483647;
			files = (
				207F025F2911782100D39A4C /* Qurankz.swift in Sources */,
				207F02642911782300D39A4C /* Qurankz.intentdefinition in Sources */,
			);
			runOnlyForDeploymentPostprocessing = 0;
		};
/* End PBXSourcesBuildPhase section */

/* Begin PBXTargetDependency section */
		207F02672911782300D39A4C /* PBXTargetDependency */ = {
			isa = PBXTargetDependency;
			target = 207F02562911782000D39A4C /* QurankzExtension */;
			targetProxy = 207F02662911782300D39A4C /* PBXContainerItemProxy */;
		};
/* End PBXTargetDependency section */

/* Begin XCBuildConfiguration section */
		207F024E291177EE00D39A4C /* Debug */ = {
			isa = XCBuildConfiguration;
			buildSettings = {
				ALWAYS_SEARCH_USER_PATHS = NO;
				CLANG_ANALYZER_NONNULL = YES;
				CLANG_ANALYZER_NUMBER_OBJECT_CONVERSION = YES_AGGRESSIVE;
				CLANG_CXX_LANGUAGE_STANDARD = "gnu++20";
				CLANG_ENABLE_MODULES = YES;
				CLANG_ENABLE_OBJC_ARC = YES;
				CLANG_ENABLE_OBJC_WEAK = YES;
				CLANG_WARN_BLOCK_CAPTURE_AUTORELEASING = YES;
				CLANG_WARN_BOOL_CONVERSION = YES;
				CLANG_WARN_COMMA = YES;
				CLANG_WARN_CONSTANT_CONVERSION = YES;
				CLANG_WARN_DEPRECATED_OBJC_IMPLEMENTATIONS = YES;
				CLANG_WARN_DIRECT_OBJC_ISA_USAGE = YES_ERROR;
				CLANG_WARN_DOCUMENTATION_COMMENTS = YES;
				CLANG_WARN_EMPTY_BODY = YES;
				CLANG_WARN_ENUM_CONVERSION = YES;
				CLANG_WARN_INFINITE_RECURSION = YES;
				CLANG_WARN_INT_CONVERSION = YES;
				CLANG_WARN_NON_LITERAL_NULL_CONVERSION = YES;
				CLANG_WARN_OBJC_IMPLICIT_RETAIN_SELF = YES;
				CLANG_WARN_OBJC_LITERAL_CONVERSION = YES;
				CLANG_WARN_OBJC_ROOT_CLASS = YES_ERROR;
				CLANG_WARN_QUOTED_INCLUDE_IN_FRAMEWORK_HEADER = YES;
				CLANG_WARN_RANGE_LOOP_ANALYSIS = YES;
				CLANG_WARN_STRICT_PROTOTYPES = YES;
				CLANG_WARN_SUSPICIOUS_MOVE = YES;
				CLANG_WARN_UNGUARDED_AVAILABILITY = YES_AGGRESSIVE;
				CLANG_WARN_UNREACHABLE_CODE = YES;
				CLANG_WARN__DUPLICATE_METHOD_MATCH = YES;
				COPY_PHASE_STRIP = NO;
				DEBUG_INFORMATION_FORMAT = dwarf;
				ENABLE_STRICT_OBJC_MSGSEND = YES;
				ENABLE_TESTABILITY = YES;
				GCC_C_LANGUAGE_STANDARD = gnu11;
				GCC_DYNAMIC_NO_PIC = NO;
				GCC_NO_COMMON_BLOCKS = YES;
				GCC_OPTIMIZATION_LEVEL = 0;
				GCC_PREPROCESSOR_DEFINITIONS = (
					"DEBUG=1",
					"$(inherited)",
				);
				GCC_WARN_64_TO_32_BIT_CONVERSION = YES;
				GCC_WARN_ABOUT_RETURN_TYPE = YES_ERROR;
				GCC_WARN_UNDECLARED_SELECTOR = YES;
				GCC_WARN_UNINITIALIZED_AUTOS = YES_AGGRESSIVE;
				GCC_WARN_UNUSED_FUNCTION = YES;
				GCC_WARN_UNUSED_VARIABLE = YES;
				IPHONEOS_DEPLOYMENT_TARGET = 16.0;
				MTL_ENABLE_DEBUG_INFO = INCLUDE_SOURCE;
				MTL_FAST_MATH = YES;
				ONLY_ACTIVE_ARCH = YES;
				SDKROOT = iphoneos;
				SWIFT_ACTIVE_COMPILATION_CONDITIONS = DEBUG;
				SWIFT_OPTIMIZATION_LEVEL = "-Onone";
			};
			name = Debug;
		};
		207F024F291177EE00D39A4C /* Release */ = {
			isa = XCBuildConfiguration;
			buildSettings = {
				ALWAYS_SEARCH_USER_PATHS = NO;
				CLANG_ANALYZER_NONNULL = YES;
				CLANG_ANALYZER_NUMBER_OBJECT_CONVERSION = YES_AGGRESSIVE;
				CLANG_CXX_LANGUAGE_STANDARD = "gnu++20";
				CLANG_ENABLE_MODULES = YES;
				CLANG_ENABLE_OBJC_ARC = YES;
				CLANG_ENABLE_OBJC_WEAK = YES;
				CLANG_WARN_BLOCK_CAPTURE_AUTORELEASING = YES;
				CLANG_WARN_BOOL_CONVERSION = YES;
				CLANG_WARN_COMMA = YES;
				CLANG_WARN_CONSTANT_CONVERSION = YES;
				CLANG_WARN_DEPRECATED_OBJC_IMPLEMENTATIONS = YES;
				CLANG_WARN_DIRECT_OBJC_ISA_USAGE = YES_ERROR;
				CLANG_WARN_DOCUMENTATION_COMMENTS = YES;
				CLANG_WARN_EMPTY_BODY = YES;
				CLANG_WARN_ENUM_CONVERSION = YES;
				CLANG_WARN_INFINITE_RECURSION = YES;
				CLANG_WARN_INT_CONVERSION = YES;
				CLANG_WARN_NON_LITERAL_NULL_CONVERSION = YES;
				CLANG_WARN_OBJC_IMPLICIT_RETAIN_SELF = YES;
				CLANG_WARN_OBJC_LITERAL_CONVERSION = YES;
				CLANG_WARN_OBJC_ROOT_CLASS = YES_ERROR;
				CLANG_WARN_QUOTED_INCLUDE_IN_FRAMEWORK_HEADER = YES;
				CLANG_WARN_RANGE_LOOP_ANALYSIS = YES;
				CLANG_WARN_STRICT_PROTOTYPES = YES;
				CLANG_WARN_SUSPICIOUS_MOVE = YES;
				CLANG_WARN_UNGUARDED_AVAILABILITY = YES_AGGRESSIVE;
				CLANG_WARN_UNREACHABLE_CODE = YES;
				CLANG_WARN__DUPLICATE_METHOD_MATCH = YES;
				COPY_PHASE_STRIP = NO;
				DEBUG_INFORMATION_FORMAT = "dwarf-with-dsym";
				ENABLE_NS_ASSERTIONS = NO;
				ENABLE_STRICT_OBJC_MSGSEND = YES;
				GCC_C_LANGUAGE_STANDARD = gnu11;
				GCC_NO_COMMON_BLOCKS = YES;
				GCC_WARN_64_TO_32_BIT_CONVERSION = YES;
				GCC_WARN_ABOUT_RETURN_TYPE = YES_ERROR;
				GCC_WARN_UNDECLARED_SELECTOR = YES;
				GCC_WARN_UNINITIALIZED_AUTOS = YES_AGGRESSIVE;
				GCC_WARN_UNUSED_FUNCTION = YES;
				GCC_WARN_UNUSED_VARIABLE = YES;
				IPHONEOS_DEPLOYMENT_TARGET = 16.0;
				MTL_ENABLE_DEBUG_INFO = NO;
				MTL_FAST_MATH = YES;
				SDKROOT = iphoneos;
				SWIFT_COMPILATION_MODE = wholemodule;
				SWIFT_OPTIMIZATION_LEVEL = "-O";
				VALIDATE_PRODUCT = YES;
			};
			name = Release;
		};
		207F0251291177EE00D39A4C /* Debug */ = {
			isa = XCBuildConfiguration;
			buildSettings = {
				ALWAYS_EMBED_SWIFT_STANDARD_LIBRARIES = YES;
				ASSETCATALOG_COMPILER_APPICON_NAME = AppIcon;
				ASSETCATALOG_COMPILER_GLOBAL_ACCENT_COLOR_NAME = AccentColor;
				CODE_SIGN_STYLE = Automatic;
				CURRENT_PROJECT_VERSION = 1;
				DEVELOPMENT_ASSET_PATHS = "\"WidgetPlayground/Preview Content\"";
				DEVELOPMENT_TEAM = ZC2RZX2F24;
				ENABLE_PREVIEWS = YES;
				GENERATE_INFOPLIST_FILE = YES;
				INFOPLIST_KEY_UIApplicationSceneManifest_Generation = YES;
				INFOPLIST_KEY_UIApplicationSupportsIndirectInputEvents = YES;
				INFOPLIST_KEY_UILaunchScreen_Generation = YES;
				INFOPLIST_KEY_UISupportedInterfaceOrientations_iPad = "UIInterfaceOrientationPortrait UIInterfaceOrientationPortraitUpsideDown UIInterfaceOrientationLandscapeLeft UIInterfaceOrientationLandscapeRight";
				INFOPLIST_KEY_UISupportedInterfaceOrientations_iPhone = "UIInterfaceOrientationPortrait UIInterfaceOrientationLandscapeLeft UIInterfaceOrientationLandscapeRight";
				LD_RUNPATH_SEARCH_PATHS = (
					"$(inherited)",
					"@executable_path/Frameworks",
				);
				MARKETING_VERSION = 1.0;
				PRODUCT_BUNDLE_IDENTIFIER = dauka.WidgetPlayground;
				PRODUCT_NAME = "$(TARGET_NAME)";
				SWIFT_EMIT_LOC_STRINGS = YES;
				SWIFT_VERSION = 5.0;
				TARGETED_DEVICE_FAMILY = "1,2";
			};
			name = Debug;
		};
		207F0252291177EE00D39A4C /* Release */ = {
			isa = XCBuildConfiguration;
			buildSettings = {
				ALWAYS_EMBED_SWIFT_STANDARD_LIBRARIES = YES;
				ASSETCATALOG_COMPILER_APPICON_NAME = AppIcon;
				ASSETCATALOG_COMPILER_GLOBAL_ACCENT_COLOR_NAME = AccentColor;
				CODE_SIGN_STYLE = Automatic;
				CURRENT_PROJECT_VERSION = 1;
				DEVELOPMENT_ASSET_PATHS = "\"WidgetPlayground/Preview Content\"";
				DEVELOPMENT_TEAM = ZC2RZX2F24;
				ENABLE_PREVIEWS = YES;
				GENERATE_INFOPLIST_FILE = YES;
				INFOPLIST_KEY_UIApplicationSceneManifest_Generation = YES;
				INFOPLIST_KEY_UIApplicationSupportsIndirectInputEvents = YES;
				INFOPLIST_KEY_UILaunchScreen_Generation = YES;
				INFOPLIST_KEY_UISupportedInterfaceOrientations_iPad = "UIInterfaceOrientationPortrait UIInterfaceOrientationPortraitUpsideDown UIInterfaceOrientationLandscapeLeft UIInterfaceOrientationLandscapeRight";
				INFOPLIST_KEY_UISupportedInterfaceOrientations_iPhone = "UIInterfaceOrientationPortrait UIInterfaceOrientationLandscapeLeft UIInterfaceOrientationLandscapeRight";
				LD_RUNPATH_SEARCH_PATHS = (
					"$(inherited)",
					"@executable_path/Frameworks",
				);
				MARKETING_VERSION = 1.0;
				PRODUCT_BUNDLE_IDENTIFIER = dauka.WidgetPlayground;
				PRODUCT_NAME = "$(TARGET_NAME)";
				SWIFT_EMIT_LOC_STRINGS = YES;
				SWIFT_VERSION = 5.0;
				TARGETED_DEVICE_FAMILY = "1,2";
			};
			name = Release;
		};
		207F026A2911782300D39A4C /* Debug */ = {
			isa = XCBuildConfiguration;
			buildSettings = {
				ASSETCATALOG_COMPILER_GLOBAL_ACCENT_COLOR_NAME = AccentColor;
				ASSETCATALOG_COMPILER_WIDGET_BACKGROUND_COLOR_NAME = WidgetBackground;
				CODE_SIGN_STYLE = Automatic;
				CURRENT_PROJECT_VERSION = 1;
				DEVELOPMENT_TEAM = ZC2RZX2F24;
				GENERATE_INFOPLIST_FILE = YES;
				INFOPLIST_FILE = Qurankz/Info.plist;
				INFOPLIST_KEY_CFBundleDisplayName = Qurankz;
				INFOPLIST_KEY_NSHumanReadableCopyright = "";
				LD_RUNPATH_SEARCH_PATHS = (
					"$(inherited)",
					"@executable_path/Frameworks",
					"@executable_path/../../Frameworks",
				);
				MARKETING_VERSION = 1.0;
				PRODUCT_BUNDLE_IDENTIFIER = dauka.WidgetPlayground.Qurankz;
				PRODUCT_NAME = "$(TARGET_NAME)";
				SKIP_INSTALL = YES;
				SWIFT_EMIT_LOC_STRINGS = YES;
				SWIFT_VERSION = 5.0;
				TARGETED_DEVICE_FAMILY = "1,2";
			};
			name = Debug;
		};
		207F026B2911782300D39A4C /* Release */ = {
			isa = XCBuildConfiguration;
			buildSettings = {
				ASSETCATALOG_COMPILER_GLOBAL_ACCENT_COLOR_NAME = AccentColor;
				ASSETCATALOG_COMPILER_WIDGET_BACKGROUND_COLOR_NAME = WidgetBackground;
				CODE_SIGN_STYLE = Automatic;
				CURRENT_PROJECT_VERSION = 1;
				DEVELOPMENT_TEAM = ZC2RZX2F24;
				GENERATE_INFOPLIST_FILE = YES;
				INFOPLIST_FILE = Qurankz/Info.plist;
				INFOPLIST_KEY_CFBundleDisplayName = Qurankz;
				INFOPLIST_KEY_NSHumanReadableCopyright = "";
				LD_RUNPATH_SEARCH_PATHS = (
					"$(inherited)",
					"@executable_path/Frameworks",
					"@executable_path/../../Frameworks",
				);
				MARKETING_VERSION = 1.0;
				PRODUCT_BUNDLE_IDENTIFIER = dauka.WidgetPlayground.Qurankz;
				PRODUCT_NAME = "$(TARGET_NAME)";
				SKIP_INSTALL = YES;
				SWIFT_EMIT_LOC_STRINGS = YES;
				SWIFT_VERSION = 5.0;
				TARGETED_DEVICE_FAMILY = "1,2";
			};
			name = Release;
		};
/* End XCBuildConfiguration section */

/* Begin XCConfigurationList section */
		207F023D291177ED00D39A4C /* Build configuration list for PBXProject "WidgetPlayground" */ = {
			isa = XCConfigurationList;
			buildConfigurations = (
				207F024E291177EE00D39A4C /* Debug */,
				207F024F291177EE00D39A4C /* Release */,
			);
			defaultConfigurationIsVisible = 0;
			defaultConfigurationName = Release;
		};
		207F0250291177EE00D39A4C /* Build configuration list for PBXNativeTarget "WidgetPlayground" */ = {
			isa = XCConfigurationList;
			buildConfigurations = (
				207F0251291177EE00D39A4C /* Debug */,
				207F0252291177EE00D39A4C /* Release */,
			);
			defaultConfigurationIsVisible = 0;
			defaultConfigurationName = Release;
		};
		207F02692911782300D39A4C /* Build configuration list for PBXNativeTarget "QurankzExtension" */ = {
			isa = XCConfigurationList;
			buildConfigurations = (
				207F026A2911782300D39A4C /* Debug */,
				207F026B2911782300D39A4C /* Release */,
			);
			defaultConfigurationIsVisible = 0;
			defaultConfigurationName = Release;
		};
/* End XCConfigurationList section */

/* Begin XCRemoteSwiftPackageReference section */
		20B5383C29157BBA00B70D90 /* XCRemoteSwiftPackageReference "adhan-swift" */ = {
			isa = XCRemoteSwiftPackageReference;
			repositoryURL = "https://github.com/batoulapps/adhan-swift";
			requirement = {
				kind = upToNextMajorVersion;
				minimumVersion = 1.0.0;
			};
		};
/* End XCRemoteSwiftPackageReference section */

/* Begin XCSwiftPackageProductDependency section */
		20B5383D29157BBA00B70D90 /* Adhan */ = {
			isa = XCSwiftPackageProductDependency;
			package = 20B5383C29157BBA00B70D90 /* XCRemoteSwiftPackageReference "adhan-swift" */;
			productName = Adhan;
		};
/* End XCSwiftPackageProductDependency section */
	};
	rootObject = 207F023A291177ED00D39A4C /* Project object */;
}
